
Microsoft Visual Studio Solution File, Format Version 12.00
# Visual Studio Version 17
VisualStudioVersion = 17.5.33502.453
MinimumVisualStudioVersion = 10.0.40219.1
Project("{FAE04EC0-301F-11D3-BF4B-00C04F79EFBC}") = "MyPortfolio", "MyPortfolio\MyPortfolio.csproj", "{F3FB560E-65E5-4210-B477-FCCE440F0754}"
EndProject
Global
	GlobalSection(SolutionConfigurationPlatforms) = preSolution
		Debug|Any CPU = Debug|Any CPU
		Release|Any CPU = Release|Any CPU
	EndGlobalSection
	GlobalSection(ProjectConfigurationPlatforms) = postSolution
		{F3FB560E-65E5-4210-B477-FCCE440F0754}.Debug|Any CPU.ActiveCfg = Debug|Any CPU
		{F3FB560E-65E5-4210-B477-FCCE440F0754}.Debug|Any CPU.Build.0 = Debug|Any CPU
		{F3FB560E-65E5-4210-B477-FCCE440F0754}.Release|Any CPU.ActiveCfg = Release|Any CPU
		{F3FB560E-65E5-4210-B477-FCCE440F0754}.Release|Any CPU.Build.0 = Release|Any CPU
	EndGlobalSection
	GlobalSection(SolutionProperties) = preSolution
		HideSolutionNode = FALSE
	EndGlobalSection
	GlobalSection(ExtensibilityGlobals) = postSolution
		SolutionGuid = {2056BB47-A77E-4AD7-89DF-1609EFD710BA}
	EndGlobalSection
EndGlobal
